
Microsoft Visual Studio Solution File, Format Version 12.00
# Visual Studio Version 17
VisualStudioVersion = 17.8.34330.188
MinimumVisualStudioVersion = 10.0.40219.1
Project("{FAE04EC0-301F-11D3-BF4B-00C04F79EFBC}") = "Patterns", "Patterns\Patterns.csproj", "{005A936D-120F-4232-B804-D8EB5C9718C2}"
EndProject
Global
	GlobalSection(SolutionConfigurationPlatforms) = preSolution
		Debug|Any CPU = Debug|Any CPU
		Release|Any CPU = Release|Any CPU
	EndGlobalSection
	GlobalSection(ProjectConfigurationPlatforms) = postSolution
		{005A936D-120F-4232-B804-D8EB5C9718C2}.Debug|Any CPU.ActiveCfg = Debug|Any CPU
		{005A936D-120F-4232-B804-D8EB5C9718C2}.Debug|Any CPU.Build.0 = Debug|Any CPU
		{005A936D-120F-4232-B804-D8EB5C9718C2}.Release|Any CPU.ActiveCfg = Release|Any CPU
		{005A936D-120F-4232-B804-D8EB5C9718C2}.Release|Any CPU.Build.0 = Release|Any CPU
	EndGlobalSection
	GlobalSection(SolutionProperties) = preSolution
		HideSolutionNode = FALSE
	EndGlobalSection
	GlobalSection(ExtensibilityGlobals) = postSolution
		SolutionGuid = {134CF8A1-81F7-4759-963C-B6AA706A1D11}
	EndGlobalSection
EndGlobal
