
Microsoft Visual Studio Solution File, Format Version 12.00
# Visual Studio Version 17
VisualStudioVersion = 17.8.34408.163
MinimumVisualStudioVersion = 10.0.40219.1
Project("{FAE04EC0-301F-11D3-BF4B-00C04F79EFBC}") = "Web-Api-Versioning-Plain.API", "Web-Api-Versioning-Plain.API\Web-Api-Versioning-Plain.API.csproj", "{202DCC6D-D7DB-4904-9AB0-5C37BE43FA12}"
EndProject
Project("{FAE04EC0-301F-11D3-BF4B-00C04F79EFBC}") = "Web_Api_Versioning_Url-based.API", "Web_Api_Versioning_Url-based.API\Web_Api_Versioning_Url-based.API.csproj", "{FD8FA405-70F2-47FC-BB69-BD1BFCFC9931}"
EndProject
Project("{FAE04EC0-301F-11D3-BF4B-00C04F79EFBC}") = "Web_Api_Versioning_Nuget_Package.API", "Web_Api_Versioning_Nuget_Package.API\Web_Api_Versioning_Nuget_Package.API.csproj", "{740B30A9-67EE-44E6-9EF4-478EA30E6D80}"
EndProject
Global
	GlobalSection(SolutionConfigurationPlatforms) = preSolution
		Debug|Any CPU = Debug|Any CPU
		Release|Any CPU = Release|Any CPU
	EndGlobalSection
	GlobalSection(ProjectConfigurationPlatforms) = postSolution
		{202DCC6D-D7DB-4904-9AB0-5C37BE43FA12}.Debug|Any CPU.ActiveCfg = Debug|Any CPU
		{202DCC6D-D7DB-4904-9AB0-5C37BE43FA12}.Debug|Any CPU.Build.0 = Debug|Any CPU
		{202DCC6D-D7DB-4904-9AB0-5C37BE43FA12}.Release|Any CPU.ActiveCfg = Release|Any CPU
		{202DCC6D-D7DB-4904-9AB0-5C37BE43FA12}.Release|Any CPU.Build.0 = Release|Any CPU
		{FD8FA405-70F2-47FC-BB69-BD1BFCFC9931}.Debug|Any CPU.ActiveCfg = Debug|Any CPU
		{FD8FA405-70F2-47FC-BB69-BD1BFCFC9931}.Debug|Any CPU.Build.0 = Debug|Any CPU
		{FD8FA405-70F2-47FC-BB69-BD1BFCFC9931}.Release|Any CPU.ActiveCfg = Release|Any CPU
		{FD8FA405-70F2-47FC-BB69-BD1BFCFC9931}.Release|Any CPU.Build.0 = Release|Any CPU
		{740B30A9-67EE-44E6-9EF4-478EA30E6D80}.Debug|Any CPU.ActiveCfg = Debug|Any CPU
		{740B30A9-67EE-44E6-9EF4-478EA30E6D80}.Debug|Any CPU.Build.0 = Debug|Any CPU
		{740B30A9-67EE-44E6-9EF4-478EA30E6D80}.Release|Any CPU.ActiveCfg = Release|Any CPU
		{740B30A9-67EE-44E6-9EF4-478EA30E6D80}.Release|Any CPU.Build.0 = Release|Any CPU
	EndGlobalSection
	GlobalSection(SolutionProperties) = preSolution
		HideSolutionNode = FALSE
	EndGlobalSection
	GlobalSection(ExtensibilityGlobals) = postSolution
		SolutionGuid = {58A026AE-3D3B-47FB-8C14-CF226E86C3D6}
	EndGlobalSection
EndGlobal
